
Microsoft Visual Studio Solution File, Format Version 12.00
# Visual Studio 2012
Project("{2150E333-8FDC-42A3-9474-1A3956D46DE8}") = "Core-GLSL", "Core-GLSL", "{FBBA033A-798C-4E0F-879C-A517086A7397}"
EndProject
Project("{2150E333-8FDC-42A3-9474-1A3956D46DE8}") = "GLSL-1.2", "GLSL-1.2", "{FD6F34D8-6469-447C-B29A-1A2EAA71AA3B}"
EndProject
Project("{2150E333-8FDC-42A3-9474-1A3956D46DE8}") = "GLUT", "GLUT", "{7648F868-73E6-4CD4-83FB-66E2C22969C1}"
EndProject
Project("{2150E333-8FDC-42A3-9474-1A3956D46DE8}") = "View-Frustum", "View-Frustum", "{7B8A572B-7DF0-4DB7-BCB5-3190798C4D12}"
EndProject
Project("{2150E333-8FDC-42A3-9474-1A3956D46DE8}") = "Other", "Other", "{6A375574-2769-4C22-8F6D-F687EAD0AEA0}"
EndProject
Global
	GlobalSection(SolutionProperties) = preSolution
		HideSolutionNode = FALSE
	EndGlobalSection
EndGlobal
