
Microsoft Visual Studio Solution File, Format Version 12.00
# Visual Studio 2012
Project("{2150E333-8FDC-42A3-9474-1A3956D46DE8}") = "Core-GLSL", "Core-GLSL", "{FBBA033A-798C-4E0F-879C-A517086A7397}"
EndProject
Project("{2150E333-8FDC-42A3-9474-1A3956D46DE8}") = "GLSL-1.2", "GLSL-1.2", "{FD6F34D8-6469-447C-B29A-1A2EAA71AA3B}"
EndProject
Project("{2150E333-8FDC-42A3-9474-1A3956D46DE8}") = "GLUT", "GLUT", "{7648F868-73E6-4CD4-83FB-66E2C22969C1}"
EndProject
Project("{2150E333-8FDC-42A3-9474-1A3956D46DE8}") = "View-Frustum", "View-Frustum", "{7B8A572B-7DF0-4DB7-BCB5-3190798C4D12}"
EndProject
Project("{2150E333-8FDC-42A3-9474-1A3956D46DE8}") = "Other", "Other", "{6A375574-2769-4C22-8F6D-F687EAD0AEA0}"
EndProject
Project("{8BC9CEB8-8B4A-11D0-8D11-00A0C91BC942}") = "GLUT-Animation", "src\GLUT-Animation\GLUT-Animation.vcxproj", "{0BC30C52-C915-439B-A9D2-578C8AD8FE6E}"
EndProject
Project("{8BC9CEB8-8B4A-11D0-8D11-00A0C91BC942}") = "GLUT-Camera", "src\GLUT-Camera\GLUT-Camera.vcxproj", "{821CE709-69AA-494C-B85B-225C44CE219D}"
EndProject
Project("{8BC9CEB8-8B4A-11D0-8D11-00A0C91BC942}") = "GLUT-Initialization", "src\GLUT-Initialization\GLUT-Initialization.vcxproj", "{FBEECCE5-A944-4910-A732-40098D654A0B}"
EndProject
Project("{8BC9CEB8-8B4A-11D0-8D11-00A0C91BC942}") = "GLUT-Keyboard", "src\GLUT-Keyboard\GLUT-Keyboard.vcxproj", "{DC9F52BF-D1DD-471C-A0CF-C1290DCC8DFE}"
EndProject
Project("{8BC9CEB8-8B4A-11D0-8D11-00A0C91BC942}") = "GLUT-Reshape", "src\GLUT-Reshape\GLUT-Reshape.vcxproj", "{050E490B-F85B-40D8-9EEC-153DFB5870D5}"
EndProject
Project("{8BC9CEB8-8B4A-11D0-8D11-00A0C91BC942}") = "OpenGL-Picking Tutorials", "src\OpenGL-Picking Tutorials\OpenGL-Picking Tutorials.vcxproj", "{1EF687FB-76B7-440B-8213-D1EE905D9AFE}"
EndProject
Project("{8BC9CEB8-8B4A-11D0-8D11-00A0C91BC942}") = "GLSL-Ambient-Diffuse", "src\GLSL-Ambient-Diffuse\GLSL-Ambient-Diffuse.vcxproj", "{2F2D0DE8-1B53-43BA-A3CE-4F33E8394D3C}"
EndProject
Project("{8BC9CEB8-8B4A-11D0-8D11-00A0C91BC942}") = "GLSL-Attribute", "src\GLSL-Attribute\GLSL-Attribute.vcxproj", "{24C56CD7-5300-45CD-8271-263F0E33A154}"
EndProject
Project("{8BC9CEB8-8B4A-11D0-8D11-00A0C91BC942}") = "GLSL-Flatten", "src\GLSL-Flatten\GLSL-Flatten.vcxproj", "{0E53209E-34B7-4AA9-8EC8-3387EC77C5DE}"
EndProject
Project("{8BC9CEB8-8B4A-11D0-8D11-00A0C91BC942}") = "GLSL-Color", "src\GLSL-Color\GLSL-Color.vcxproj", "{E4104801-9788-4FA3-B6E4-6E9AC442563A}"
EndProject
Project("{8BC9CEB8-8B4A-11D0-8D11-00A0C91BC942}") = "GLSL-Shader-Example", "src\GLSL-Shader-Example\GLSL-Shader-Example.vcxproj", "{A826E905-5D80-4C00-B974-0FB81FE0B326}"
EndProject
Project("{8BC9CEB8-8B4A-11D0-8D11-00A0C91BC942}") = "GLSL-Specular", "src\GLSL-Specular\GLSL-Specular.vcxproj", "{4C2F0BF8-BEBE-4470-92DA-3CD0E6B2DAF4}"
EndProject
Project("{8BC9CEB8-8B4A-11D0-8D11-00A0C91BC942}") = "GLSL-test", "src\GLSL-test\GLSL-test.vcxproj", "{328D5856-C994-452A-9346-56D46D9F6179}"
EndProject
Project("{8BC9CEB8-8B4A-11D0-8D11-00A0C91BC942}") = "GLSL-Texture", "src\GLSL-Texture\GLSL-Texture.vcxproj", "{E01D35DA-BC9B-46EB-81C8-A20CB9A1FE1F}"
EndProject
Project("{8BC9CEB8-8B4A-11D0-8D11-00A0C91BC942}") = "GLSL-Toon2", "src\GLSL-Toon2\GLSL-Toon2.vcxproj", "{2B9E969B-7ABF-4E95-BC99-6F8EA96218E3}"
EndProject
Project("{8BC9CEB8-8B4A-11D0-8D11-00A0C91BC942}") = "GLSL-Toon3", "src\GLSL-Toon3\GLSL-Toon3.vcxproj", "{B6BF05CF-BF87-403F-993D-83BBDB74896F}"
EndProject
Project("{8BC9CEB8-8B4A-11D0-8D11-00A0C91BC942}") = "GLSL-ToonShading", "src\GLSL-ToonShading\GLSL-ToonShading.vcxproj", "{F8292A26-4EB7-4EA0-A177-168BE45369D2}"
EndProject
Project("{8BC9CEB8-8B4A-11D0-8D11-00A0C91BC942}") = "GLSL-Uniform", "src\GLSL-Uniform\GLSL-Uniform.vcxproj", "{E6438C78-1003-4F0C-A5D7-35EF4BCE8448}"
EndProject
Global
	GlobalSection(SolutionConfigurationPlatforms) = preSolution
		Debug|Win32 = Debug|Win32
		Release|Win32 = Release|Win32
	EndGlobalSection
	GlobalSection(ProjectConfigurationPlatforms) = postSolution
		{0BC30C52-C915-439B-A9D2-578C8AD8FE6E}.Debug|Win32.ActiveCfg = Debug|Win32
		{0BC30C52-C915-439B-A9D2-578C8AD8FE6E}.Debug|Win32.Build.0 = Debug|Win32
		{0BC30C52-C915-439B-A9D2-578C8AD8FE6E}.Release|Win32.ActiveCfg = Release|Win32
		{0BC30C52-C915-439B-A9D2-578C8AD8FE6E}.Release|Win32.Build.0 = Release|Win32
		{821CE709-69AA-494C-B85B-225C44CE219D}.Debug|Win32.ActiveCfg = Debug|Win32
		{821CE709-69AA-494C-B85B-225C44CE219D}.Debug|Win32.Build.0 = Debug|Win32
		{821CE709-69AA-494C-B85B-225C44CE219D}.Release|Win32.ActiveCfg = Release|Win32
		{821CE709-69AA-494C-B85B-225C44CE219D}.Release|Win32.Build.0 = Release|Win32
		{FBEECCE5-A944-4910-A732-40098D654A0B}.Debug|Win32.ActiveCfg = Debug|Win32
		{FBEECCE5-A944-4910-A732-40098D654A0B}.Debug|Win32.Build.0 = Debug|Win32
		{FBEECCE5-A944-4910-A732-40098D654A0B}.Release|Win32.ActiveCfg = Release|Win32
		{FBEECCE5-A944-4910-A732-40098D654A0B}.Release|Win32.Build.0 = Release|Win32
		{DC9F52BF-D1DD-471C-A0CF-C1290DCC8DFE}.Debug|Win32.ActiveCfg = Debug|Win32
		{DC9F52BF-D1DD-471C-A0CF-C1290DCC8DFE}.Debug|Win32.Build.0 = Debug|Win32
		{DC9F52BF-D1DD-471C-A0CF-C1290DCC8DFE}.Release|Win32.ActiveCfg = Release|Win32
		{DC9F52BF-D1DD-471C-A0CF-C1290DCC8DFE}.Release|Win32.Build.0 = Release|Win32
		{050E490B-F85B-40D8-9EEC-153DFB5870D5}.Debug|Win32.ActiveCfg = Debug|Win32
		{050E490B-F85B-40D8-9EEC-153DFB5870D5}.Debug|Win32.Build.0 = Debug|Win32
		{050E490B-F85B-40D8-9EEC-153DFB5870D5}.Release|Win32.ActiveCfg = Release|Win32
		{050E490B-F85B-40D8-9EEC-153DFB5870D5}.Release|Win32.Build.0 = Release|Win32
		{1EF687FB-76B7-440B-8213-D1EE905D9AFE}.Debug|Win32.ActiveCfg = Debug|Win32
		{1EF687FB-76B7-440B-8213-D1EE905D9AFE}.Debug|Win32.Build.0 = Debug|Win32
		{1EF687FB-76B7-440B-8213-D1EE905D9AFE}.Release|Win32.ActiveCfg = Release|Win32
		{1EF687FB-76B7-440B-8213-D1EE905D9AFE}.Release|Win32.Build.0 = Release|Win32
		{2F2D0DE8-1B53-43BA-A3CE-4F33E8394D3C}.Debug|Win32.ActiveCfg = Debug|Win32
		{2F2D0DE8-1B53-43BA-A3CE-4F33E8394D3C}.Debug|Win32.Build.0 = Debug|Win32
		{2F2D0DE8-1B53-43BA-A3CE-4F33E8394D3C}.Release|Win32.ActiveCfg = Release|Win32
		{2F2D0DE8-1B53-43BA-A3CE-4F33E8394D3C}.Release|Win32.Build.0 = Release|Win32
		{24C56CD7-5300-45CD-8271-263F0E33A154}.Debug|Win32.ActiveCfg = Debug|Win32
		{24C56CD7-5300-45CD-8271-263F0E33A154}.Debug|Win32.Build.0 = Debug|Win32
		{24C56CD7-5300-45CD-8271-263F0E33A154}.Release|Win32.ActiveCfg = Release|Win32
		{24C56CD7-5300-45CD-8271-263F0E33A154}.Release|Win32.Build.0 = Release|Win32
		{0E53209E-34B7-4AA9-8EC8-3387EC77C5DE}.Debug|Win32.ActiveCfg = Debug|Win32
		{0E53209E-34B7-4AA9-8EC8-3387EC77C5DE}.Debug|Win32.Build.0 = Debug|Win32
		{0E53209E-34B7-4AA9-8EC8-3387EC77C5DE}.Release|Win32.ActiveCfg = Release|Win32
		{0E53209E-34B7-4AA9-8EC8-3387EC77C5DE}.Release|Win32.Build.0 = Release|Win32
		{E4104801-9788-4FA3-B6E4-6E9AC442563A}.Debug|Win32.ActiveCfg = Debug|Win32
		{E4104801-9788-4FA3-B6E4-6E9AC442563A}.Debug|Win32.Build.0 = Debug|Win32
		{E4104801-9788-4FA3-B6E4-6E9AC442563A}.Release|Win32.ActiveCfg = Release|Win32
		{E4104801-9788-4FA3-B6E4-6E9AC442563A}.Release|Win32.Build.0 = Release|Win32
		{A826E905-5D80-4C00-B974-0FB81FE0B326}.Debug|Win32.ActiveCfg = Debug|Win32
		{A826E905-5D80-4C00-B974-0FB81FE0B326}.Debug|Win32.Build.0 = Debug|Win32
		{A826E905-5D80-4C00-B974-0FB81FE0B326}.Release|Win32.ActiveCfg = Release|Win32
		{A826E905-5D80-4C00-B974-0FB81FE0B326}.Release|Win32.Build.0 = Release|Win32
		{4C2F0BF8-BEBE-4470-92DA-3CD0E6B2DAF4}.Debug|Win32.ActiveCfg = Debug|Win32
		{4C2F0BF8-BEBE-4470-92DA-3CD0E6B2DAF4}.Debug|Win32.Build.0 = Debug|Win32
		{4C2F0BF8-BEBE-4470-92DA-3CD0E6B2DAF4}.Release|Win32.ActiveCfg = Release|Win32
		{4C2F0BF8-BEBE-4470-92DA-3CD0E6B2DAF4}.Release|Win32.Build.0 = Release|Win32
		{328D5856-C994-452A-9346-56D46D9F6179}.Debug|Win32.ActiveCfg = Debug|Win32
		{328D5856-C994-452A-9346-56D46D9F6179}.Debug|Win32.Build.0 = Debug|Win32
		{328D5856-C994-452A-9346-56D46D9F6179}.Release|Win32.ActiveCfg = Release|Win32
		{328D5856-C994-452A-9346-56D46D9F6179}.Release|Win32.Build.0 = Release|Win32
		{E01D35DA-BC9B-46EB-81C8-A20CB9A1FE1F}.Debug|Win32.ActiveCfg = Debug|Win32
		{E01D35DA-BC9B-46EB-81C8-A20CB9A1FE1F}.Debug|Win32.Build.0 = Debug|Win32
		{E01D35DA-BC9B-46EB-81C8-A20CB9A1FE1F}.Release|Win32.ActiveCfg = Release|Win32
		{E01D35DA-BC9B-46EB-81C8-A20CB9A1FE1F}.Release|Win32.Build.0 = Release|Win32
		{2B9E969B-7ABF-4E95-BC99-6F8EA96218E3}.Debug|Win32.ActiveCfg = Debug|Win32
		{2B9E969B-7ABF-4E95-BC99-6F8EA96218E3}.Debug|Win32.Build.0 = Debug|Win32
		{2B9E969B-7ABF-4E95-BC99-6F8EA96218E3}.Release|Win32.ActiveCfg = Release|Win32
		{2B9E969B-7ABF-4E95-BC99-6F8EA96218E3}.Release|Win32.Build.0 = Release|Win32
		{B6BF05CF-BF87-403F-993D-83BBDB74896F}.Debug|Win32.ActiveCfg = Debug|Win32
		{B6BF05CF-BF87-403F-993D-83BBDB74896F}.Debug|Win32.Build.0 = Debug|Win32
		{B6BF05CF-BF87-403F-993D-83BBDB74896F}.Release|Win32.ActiveCfg = Release|Win32
		{B6BF05CF-BF87-403F-993D-83BBDB74896F}.Release|Win32.Build.0 = Release|Win32
		{F8292A26-4EB7-4EA0-A177-168BE45369D2}.Debug|Win32.ActiveCfg = Debug|Win32
		{F8292A26-4EB7-4EA0-A177-168BE45369D2}.Debug|Win32.Build.0 = Debug|Win32
		{F8292A26-4EB7-4EA0-A177-168BE45369D2}.Release|Win32.ActiveCfg = Release|Win32
		{F8292A26-4EB7-4EA0-A177-168BE45369D2}.Release|Win32.Build.0 = Release|Win32
		{E6438C78-1003-4F0C-A5D7-35EF4BCE8448}.Debug|Win32.ActiveCfg = Debug|Win32
		{E6438C78-1003-4F0C-A5D7-35EF4BCE8448}.Debug|Win32.Build.0 = Debug|Win32
		{E6438C78-1003-4F0C-A5D7-35EF4BCE8448}.Release|Win32.ActiveCfg = Release|Win32
		{E6438C78-1003-4F0C-A5D7-35EF4BCE8448}.Release|Win32.Build.0 = Release|Win32
	EndGlobalSection
	GlobalSection(SolutionProperties) = preSolution
		HideSolutionNode = FALSE
	EndGlobalSection
	GlobalSection(NestedProjects) = preSolution
		{2F2D0DE8-1B53-43BA-A3CE-4F33E8394D3C} = {FD6F34D8-6469-447C-B29A-1A2EAA71AA3B}
		{24C56CD7-5300-45CD-8271-263F0E33A154} = {FD6F34D8-6469-447C-B29A-1A2EAA71AA3B}
		{0E53209E-34B7-4AA9-8EC8-3387EC77C5DE} = {FD6F34D8-6469-447C-B29A-1A2EAA71AA3B}
		{E4104801-9788-4FA3-B6E4-6E9AC442563A} = {FD6F34D8-6469-447C-B29A-1A2EAA71AA3B}
		{A826E905-5D80-4C00-B974-0FB81FE0B326} = {FD6F34D8-6469-447C-B29A-1A2EAA71AA3B}
		{4C2F0BF8-BEBE-4470-92DA-3CD0E6B2DAF4} = {FD6F34D8-6469-447C-B29A-1A2EAA71AA3B}
		{328D5856-C994-452A-9346-56D46D9F6179} = {FD6F34D8-6469-447C-B29A-1A2EAA71AA3B}
		{E01D35DA-BC9B-46EB-81C8-A20CB9A1FE1F} = {FD6F34D8-6469-447C-B29A-1A2EAA71AA3B}
		{2B9E969B-7ABF-4E95-BC99-6F8EA96218E3} = {FD6F34D8-6469-447C-B29A-1A2EAA71AA3B}
		{B6BF05CF-BF87-403F-993D-83BBDB74896F} = {FD6F34D8-6469-447C-B29A-1A2EAA71AA3B}
		{F8292A26-4EB7-4EA0-A177-168BE45369D2} = {FD6F34D8-6469-447C-B29A-1A2EAA71AA3B}
		{E6438C78-1003-4F0C-A5D7-35EF4BCE8448} = {FD6F34D8-6469-447C-B29A-1A2EAA71AA3B}
		{0BC30C52-C915-439B-A9D2-578C8AD8FE6E} = {7648F868-73E6-4CD4-83FB-66E2C22969C1}
		{821CE709-69AA-494C-B85B-225C44CE219D} = {7648F868-73E6-4CD4-83FB-66E2C22969C1}
		{FBEECCE5-A944-4910-A732-40098D654A0B} = {7648F868-73E6-4CD4-83FB-66E2C22969C1}
		{DC9F52BF-D1DD-471C-A0CF-C1290DCC8DFE} = {7648F868-73E6-4CD4-83FB-66E2C22969C1}
		{050E490B-F85B-40D8-9EEC-153DFB5870D5} = {7648F868-73E6-4CD4-83FB-66E2C22969C1}
		{1EF687FB-76B7-440B-8213-D1EE905D9AFE} = {6A375574-2769-4C22-8F6D-F687EAD0AEA0}
	EndGlobalSection
EndGlobal
